{
  "version": "5",
  "remote": {
    "https://edge.netlify.com/": "fd941d61d88673d5f28aab283fb86fcc50f08a3bc80ee5470498fcfa88c65cfb",
    "https://edge.netlify.com/bootstrap/config.ts": "6a2ce0e544e15e8f8883a5c18da5948e37fd0f2619f68cb31f3af53c51817025",
    "https://edge.netlify.com/bootstrap/context.ts": "e97240232121e2f369f6546ce961490f34d961ea1ea54be3ff09633e3f08373f",
    "https://edge.netlify.com/bootstrap/cookie.ts": "8b0baae708989ca183c6f3b4ab3d029e6abcbc2e43f93edeb0ff447b3bbc3a05",
    "https://edge.netlify.com/bootstrap/edge_function.ts": "b8253e86aa83c67341f5cfedeba5049d77fbf84dcab7eceff7566b7728ae9b39",
    "https://edge.netlify.com/bootstrap/globals/types.ts": "eaa6148ded3121d8dee62dd91c86e7fe76601df0f3ca8d7962243a30f4c8935f"
  },
  "workspace": {
    "packageJson": {
      "dependencies": [
        "npm:@algolia/client-search@^4.9.1",
        "npm:@docusaurus/core@3.7.0",
        "npm:@docusaurus/preset-classic@3.7.0",
        "npm:@fortawesome/fontawesome-svg-core@^6.7.2",
        "npm:@fortawesome/free-solid-svg-icons@^6.7.2",
        "npm:@fortawesome/react-fontawesome@~0.2.2",
        "npm:@mdx-js/react@3.1.0",
        "npm:@types/react@^19.1.3",
        "npm:acorn@8",
        "npm:babel-plugin-module-resolver@^5.0.2",
        "npm:bootstrap@^5.3.6",
        "npm:classnames@^2.5.1",
        "npm:css-loader@^7.1.2",
        "npm:docusaurus-lunr-search@^3.6.0",
        "npm:framer-motion@^12.10.0",
        "npm:highlight.js@^11.11.1",
        "npm:immer@^10.1.1",
        "npm:is-svg@6",
        "npm:node-fetch@^3.3.2",
        "npm:postcss@^8.5.23",
        "npm:prop-types@^15.8.1",
        "npm:react-bootstrap@^2.10.9",
        "npm:react-cool-inview@^3.0.1",
        "npm:react-dev-utils@^12.0.1",
        "npm:react-dom@18.3.1",
        "npm:react-highlight@0.15",
        "npm:react-intersection-observer@^9.16.0",
        "npm:react-loadable@^5.5.0",
        "npm:react-reel@^1.2.3",
        "npm:react-responsive-carousel@^3.2.23",
        "npm:react-scroll-percentage@^4.3.2",
        "npm:react-typist@^2.0.5",
        "npm:react@^18.2.0",
        "npm:search-insights@2",
        "npm:ssri@12",
        "npm:trim@^1.0.1",
        "npm:typescript@^5.8.3"
      ]
    }
  }
}
